# Generated by pub
# See https://dart.dev/tools/pub/glossary#lockfile
packages:
  errflow:
    dependency: "direct main"
    description:
      path: ".."
      relative: true
    source: path
    version: "0.5.0"
  lints:
    dependency: "direct dev"
    description:
      name: lints
      url: "https://pub.dartlang.org"
    source: hosted
    version: "2.0.1"
  meta:
    dependency: transitive
    description:
      name: meta
      url: "https://pub.dartlang.org"
    source: hosted
    version: "1.7.0"
sdks:
  dart: ">=2.17.0 <3.0.0"
